
Microsoft Visual Studio Solution File, Format Version 12.00
# Visual Studio Version 17
VisualStudioVersion = 17.11.35327.3
MinimumVisualStudioVersion = 10.0.40219.1
Project("{8BC9CEB8-8B4A-11D0-8D11-00A0C91BC942}") = "Project5", "Project5\Project5.vcxproj", "{A5BF22B3-D73C-4786-A75A-D35BC290C102}"
EndProject
Global
	GlobalSection(SolutionConfigurationPlatforms) = preSolution
		Debug|x64 = Debug|x64
		Debug|x86 = Debug|x86
		Release|x64 = Release|x64
		Release|x86 = Release|x86
	EndGlobalSection
	GlobalSection(ProjectConfigurationPlatforms) = postSolution
		{A5BF22B3-D73C-4786-A75A-D35BC290C102}.Debug|x64.ActiveCfg = Debug|x64
		{A5BF22B3-D73C-4786-A75A-D35BC290C102}.Debug|x64.Build.0 = Debug|x64
		{A5BF22B3-D73C-4786-A75A-D35BC290C102}.Debug|x86.ActiveCfg = Debug|Win32
		{A5BF22B3-D73C-4786-A75A-D35BC290C102}.Debug|x86.Build.0 = Debug|Win32
		{A5BF22B3-D73C-4786-A75A-D35BC290C102}.Release|x64.ActiveCfg = Release|x64
		{A5BF22B3-D73C-4786-A75A-D35BC290C102}.Release|x64.Build.0 = Release|x64
		{A5BF22B3-D73C-4786-A75A-D35BC290C102}.Release|x86.ActiveCfg = Release|Win32
		{A5BF22B3-D73C-4786-A75A-D35BC290C102}.Release|x86.Build.0 = Release|Win32
	EndGlobalSection
	GlobalSection(SolutionProperties) = preSolution
		HideSolutionNode = FALSE
	EndGlobalSection
	GlobalSection(ExtensibilityGlobals) = postSolution
		SolutionGuid = {ECB84678-74CE-4384-8C7E-A07132EAD8A9}
	EndGlobalSection
EndGlobal
